
Microsoft Visual Studio Solution File, Format Version 12.00
# Visual Studio Version 17
VisualStudioVersion = 17.14.36301.6 d17.14
MinimumVisualStudioVersion = 10.0.40219.1
Project("{FAE04EC0-301F-11D3-BF4B-00C04F79EFBC}") = "UniRide", "UniRide\UniRide.csproj", "{BBFD09A1-9F46-4976-8D2D-650419CB83AD}"
EndProject
Global
	GlobalSection(SolutionConfigurationPlatforms) = preSolution
		Debug|Any CPU = Debug|Any CPU
		Release|Any CPU = Release|Any CPU
	EndGlobalSection
	GlobalSection(ProjectConfigurationPlatforms) = postSolution
		{BBFD09A1-9F46-4976-8D2D-650419CB83AD}.Debug|Any CPU.ActiveCfg = Debug|Any CPU
		{BBFD09A1-9F46-4976-8D2D-650419CB83AD}.Debug|Any CPU.Build.0 = Debug|Any CPU
		{BBFD09A1-9F46-4976-8D2D-650419CB83AD}.Release|Any CPU.ActiveCfg = Release|Any CPU
		{BBFD09A1-9F46-4976-8D2D-650419CB83AD}.Release|Any CPU.Build.0 = Release|Any CPU
	EndGlobalSection
	GlobalSection(SolutionProperties) = preSolution
		HideSolutionNode = FALSE
	EndGlobalSection
	GlobalSection(ExtensibilityGlobals) = postSolution
		SolutionGuid = {CC43D1ED-5490-4861-972F-81208974D746}
	EndGlobalSection
EndGlobal
